
Microsoft Visual Studio Solution File, Format Version 12.00
# Visual Studio Version 17
VisualStudioVersion = 17.0.32014.148
MinimumVisualStudioVersion = 10.0.40219.1
Project("{FAE04EC0-301F-11D3-BF4B-00C04F79EFBC}") = "ExcuseAPI", "ExcuseAPI\ExcuseAPI.csproj", "{79F0618F-CA69-4B0B-BC89-E3C6BECB857D}"
EndProject
Global
	GlobalSection(SolutionConfigurationPlatforms) = preSolution
		Debug|Any CPU = Debug|Any CPU
		Release|Any CPU = Release|Any CPU
	EndGlobalSection
	GlobalSection(ProjectConfigurationPlatforms) = postSolution
		{79F0618F-CA69-4B0B-BC89-E3C6BECB857D}.Debug|Any CPU.ActiveCfg = Debug|Any CPU
		{79F0618F-CA69-4B0B-BC89-E3C6BECB857D}.Debug|Any CPU.Build.0 = Debug|Any CPU
		{79F0618F-CA69-4B0B-BC89-E3C6BECB857D}.Release|Any CPU.ActiveCfg = Release|Any CPU
		{79F0618F-CA69-4B0B-BC89-E3C6BECB857D}.Release|Any CPU.Build.0 = Release|Any CPU
	EndGlobalSection
	GlobalSection(SolutionProperties) = preSolution
		HideSolutionNode = FALSE
	EndGlobalSection
	GlobalSection(ExtensibilityGlobals) = postSolution
		SolutionGuid = {021BE897-1F85-48ED-9701-C5C763608430}
	EndGlobalSection
EndGlobal
